
Microsoft Visual Studio Solution File, Format Version 12.00
# Visual Studio Version 16
VisualStudioVersion = 16.0.32428.217
MinimumVisualStudioVersion = 10.0.40219.1
Project("{FAE04EC0-301F-11D3-BF4B-00C04F79EFBC}") = "course5", "course5\course5.csproj", "{DD103784-6BB3-4FB0-AEC0-D51FDF506B2F}"
EndProject
Global
	GlobalSection(SolutionConfigurationPlatforms) = preSolution
		Debug|Any CPU = Debug|Any CPU
		Release|Any CPU = Release|Any CPU
	EndGlobalSection
	GlobalSection(ProjectConfigurationPlatforms) = postSolution
		{DD103784-6BB3-4FB0-AEC0-D51FDF506B2F}.Debug|Any CPU.ActiveCfg = Debug|Any CPU
		{DD103784-6BB3-4FB0-AEC0-D51FDF506B2F}.Debug|Any CPU.Build.0 = Debug|Any CPU
		{DD103784-6BB3-4FB0-AEC0-D51FDF506B2F}.Release|Any CPU.ActiveCfg = Release|Any CPU
		{DD103784-6BB3-4FB0-AEC0-D51FDF506B2F}.Release|Any CPU.Build.0 = Release|Any CPU
	EndGlobalSection
	GlobalSection(SolutionProperties) = preSolution
		HideSolutionNode = FALSE
	EndGlobalSection
	GlobalSection(ExtensibilityGlobals) = postSolution
		SolutionGuid = {A8D33B83-DE76-4E3C-8C85-5DE95852E8E0}
	EndGlobalSection
EndGlobal
