
Microsoft Visual Studio Solution File, Format Version 12.00
# Visual Studio 15
VisualStudioVersion = 15.0.28307.1972
MinimumVisualStudioVersion = 10.0.40219.1
Project("{FAE04EC0-301F-11D3-BF4B-00C04F79EFBC}") = "circunferencia", "circunferencia\circunferencia.csproj", "{860EE52F-5F23-4B33-B0B5-A392AB762824}"
EndProject
Global
	GlobalSection(SolutionConfigurationPlatforms) = preSolution
		Debug|Any CPU = Debug|Any CPU
		Release|Any CPU = Release|Any CPU
	EndGlobalSection
	GlobalSection(ProjectConfigurationPlatforms) = postSolution
		{860EE52F-5F23-4B33-B0B5-A392AB762824}.Debug|Any CPU.ActiveCfg = Debug|Any CPU
		{860EE52F-5F23-4B33-B0B5-A392AB762824}.Debug|Any CPU.Build.0 = Debug|Any CPU
		{860EE52F-5F23-4B33-B0B5-A392AB762824}.Release|Any CPU.ActiveCfg = Release|Any CPU
		{860EE52F-5F23-4B33-B0B5-A392AB762824}.Release|Any CPU.Build.0 = Release|Any CPU
	EndGlobalSection
	GlobalSection(SolutionProperties) = preSolution
		HideSolutionNode = FALSE
	EndGlobalSection
	GlobalSection(ExtensibilityGlobals) = postSolution
		SolutionGuid = {184AC758-9755-4B09-9561-4B383B1E0109}
	EndGlobalSection
EndGlobal
