
Microsoft Visual Studio Solution File, Format Version 12.00
# Visual Studio Version 16
VisualStudioVersion = 16.0.32428.217
MinimumVisualStudioVersion = 10.0.40219.1
Project("{FAE04EC0-301F-11D3-BF4B-00C04F79EFBC}") = "exHorario", "exHorario\exHorario.csproj", "{1925343A-5F5F-4F34-BC48-A8D83430CF2D}"
EndProject
Global
	GlobalSection(SolutionConfigurationPlatforms) = preSolution
		Debug|Any CPU = Debug|Any CPU
		Release|Any CPU = Release|Any CPU
	EndGlobalSection
	GlobalSection(ProjectConfigurationPlatforms) = postSolution
		{1925343A-5F5F-4F34-BC48-A8D83430CF2D}.Debug|Any CPU.ActiveCfg = Debug|Any CPU
		{1925343A-5F5F-4F34-BC48-A8D83430CF2D}.Debug|Any CPU.Build.0 = Debug|Any CPU
		{1925343A-5F5F-4F34-BC48-A8D83430CF2D}.Release|Any CPU.ActiveCfg = Release|Any CPU
		{1925343A-5F5F-4F34-BC48-A8D83430CF2D}.Release|Any CPU.Build.0 = Release|Any CPU
	EndGlobalSection
	GlobalSection(SolutionProperties) = preSolution
		HideSolutionNode = FALSE
	EndGlobalSection
	GlobalSection(ExtensibilityGlobals) = postSolution
		SolutionGuid = {660624AF-CB8C-4A22-AB66-C43C2BB6367E}
	EndGlobalSection
EndGlobal
