
Microsoft Visual Studio Solution File, Format Version 12.00
# Visual Studio Version 16
VisualStudioVersion = 16.0.32428.217
MinimumVisualStudioVersion = 10.0.40219.1
Project("{FAE04EC0-301F-11D3-BF4B-00C04F79EFBC}") = "Funcao", "Funcao\Funcao.csproj", "{9FFF1F46-B5BB-49F0-9C9E-8CD4ACC96CBF}"
EndProject
Global
	GlobalSection(SolutionConfigurationPlatforms) = preSolution
		Debug|Any CPU = Debug|Any CPU
		Release|Any CPU = Release|Any CPU
	EndGlobalSection
	GlobalSection(ProjectConfigurationPlatforms) = postSolution
		{9FFF1F46-B5BB-49F0-9C9E-8CD4ACC96CBF}.Debug|Any CPU.ActiveCfg = Debug|Any CPU
		{9FFF1F46-B5BB-49F0-9C9E-8CD4ACC96CBF}.Debug|Any CPU.Build.0 = Debug|Any CPU
		{9FFF1F46-B5BB-49F0-9C9E-8CD4ACC96CBF}.Release|Any CPU.ActiveCfg = Release|Any CPU
		{9FFF1F46-B5BB-49F0-9C9E-8CD4ACC96CBF}.Release|Any CPU.Build.0 = Release|Any CPU
	EndGlobalSection
	GlobalSection(SolutionProperties) = preSolution
		HideSolutionNode = FALSE
	EndGlobalSection
	GlobalSection(ExtensibilityGlobals) = postSolution
		SolutionGuid = {5ECFEC59-C6C2-4292-BE7D-1BD12A1C99BF}
	EndGlobalSection
EndGlobal
