
Microsoft Visual Studio Solution File, Format Version 12.00
# Visual Studio Version 16
VisualStudioVersion = 16.0.32428.217
MinimumVisualStudioVersion = 10.0.40219.1
Project("{FAE04EC0-301F-11D3-BF4B-00C04F79EFBC}") = "exRaioPi", "exRaioPi\exRaioPi.csproj", "{B7D8D6AB-BF28-43EF-BEAE-AAA4345CA118}"
EndProject
Global
	GlobalSection(SolutionConfigurationPlatforms) = preSolution
		Debug|Any CPU = Debug|Any CPU
		Release|Any CPU = Release|Any CPU
	EndGlobalSection
	GlobalSection(ProjectConfigurationPlatforms) = postSolution
		{B7D8D6AB-BF28-43EF-BEAE-AAA4345CA118}.Debug|Any CPU.ActiveCfg = Debug|Any CPU
		{B7D8D6AB-BF28-43EF-BEAE-AAA4345CA118}.Debug|Any CPU.Build.0 = Debug|Any CPU
		{B7D8D6AB-BF28-43EF-BEAE-AAA4345CA118}.Release|Any CPU.ActiveCfg = Release|Any CPU
		{B7D8D6AB-BF28-43EF-BEAE-AAA4345CA118}.Release|Any CPU.Build.0 = Release|Any CPU
	EndGlobalSection
	GlobalSection(SolutionProperties) = preSolution
		HideSolutionNode = FALSE
	EndGlobalSection
	GlobalSection(ExtensibilityGlobals) = postSolution
		SolutionGuid = {229472CA-0608-4FC0-A315-6849058A35B7}
	EndGlobalSection
EndGlobal
