
Microsoft Visual Studio Solution File, Format Version 12.00
# Visual Studio Version 16
VisualStudioVersion = 16.0.32428.217
MinimumVisualStudioVersion = 10.0.40219.1
Project("{FAE04EC0-301F-11D3-BF4B-00C04F79EFBC}") = "exDiferenca", "exDiferenca\exDiferenca.csproj", "{989E7D30-FB4B-4D67-A275-A8EA915A8B6D}"
EndProject
Global
	GlobalSection(SolutionConfigurationPlatforms) = preSolution
		Debug|Any CPU = Debug|Any CPU
		Release|Any CPU = Release|Any CPU
	EndGlobalSection
	GlobalSection(ProjectConfigurationPlatforms) = postSolution
		{989E7D30-FB4B-4D67-A275-A8EA915A8B6D}.Debug|Any CPU.ActiveCfg = Debug|Any CPU
		{989E7D30-FB4B-4D67-A275-A8EA915A8B6D}.Debug|Any CPU.Build.0 = Debug|Any CPU
		{989E7D30-FB4B-4D67-A275-A8EA915A8B6D}.Release|Any CPU.ActiveCfg = Release|Any CPU
		{989E7D30-FB4B-4D67-A275-A8EA915A8B6D}.Release|Any CPU.Build.0 = Release|Any CPU
	EndGlobalSection
	GlobalSection(SolutionProperties) = preSolution
		HideSolutionNode = FALSE
	EndGlobalSection
	GlobalSection(ExtensibilityGlobals) = postSolution
		SolutionGuid = {C335A1A9-5587-41D3-B82F-06895FB72E91}
	EndGlobalSection
EndGlobal
